<?xml version="1.0" encoding="UTF-8"?>
<CONFIG>
  <ProjectOptions>
    <Version Value="9"/>
    <General>
      <Flags>
        <MainUnitHasCreateFormStatements Value="False"/>
        <MainUnitHasTitleStatement Value="False"/>
      </Flags>
      <SessionStorage Value="InProjectDir"/>
      <MainUnit Value="0"/>
      <Title Value="testlinearc"/>
      <UseAppBundle Value="False"/>
      <ResourceType Value="res"/>
    </General>
    <i18n>
      <EnableI18N LFM="False"/>
    </i18n>
    <VersionInfo>
      <UseVersionInfo Value="True"/>
      <AutoIncrementBuild Value="True"/>
      <RevisionNr Value="6"/>
      <BuildNr Value="112"/>
      <StringTable Comments="This is free software, distributed under the terms of the GNU GPL.  There is NO WARRANTY; not even for MERCHANTABILITY or FITNESS FOR A PARTICULAR PURPOSE." LegalCopyright="Copyright (C) 2015 Michael Malicoat.  All rights reserved." ProductName="testlinearc" ProductVersion=""/>
    </VersionInfo>
    <BuildModes Count="1">
      <Item1 Name="Default" Default="True"/>
    </BuildModes>
    <PublishOptions>
      <Version Value="2"/>
    </PublishOptions>
    <RunParams>
      <local>
        <FormatVersion Value="1"/>
        <CommandLineParams Value="&quot;--thrust=(50 MOD 5)&quot;"/>
      </local>
    </RunParams>
    <RequiredPackages Count="1">
      <Item1>
        <PackageName Value="LazUtils"/>
      </Item1>
    </RequiredPackages>
    <Units Count="4">
      <Unit0>
        <Filename Value="testlinearc.lpr"/>
        <IsPartOfProject Value="True"/>
        <UnitName Value="testlinearc"/>
      </Unit0>
      <Unit1>
        <Filename Value="../../../classwork/src/classwork.pp"/>
        <IsPartOfProject Value="True"/>
        <UnitName Value="classwork"/>
      </Unit1>
      <Unit2>
        <Filename Value="../../../parse/src/parsing.pp"/>
        <IsPartOfProject Value="True"/>
        <UnitName Value="parsing"/>
      </Unit2>
      <Unit3>
        <Filename Value="../../src/linearc.pp"/>
        <IsPartOfProject Value="True"/>
        <UnitName Value="linearc"/>
      </Unit3>
    </Units>
  </ProjectOptions>
  <CompilerOptions>
    <Version Value="11"/>
    <Target>
      <Filename Value="bin/$(TargetCPU)-$(TargetOS)/testlinearc"/>
    </Target>
    <SearchPaths>
      <IncludeFiles Value="$(ProjOutDir)"/>
      <OtherUnitFiles Value="../../../classwork/src;../../../parse/src;../../src"/>
      <UnitOutputDirectory Value="lib/$(TargetCPU)-$(TargetOS)"/>
    </SearchPaths>
    <Other>
      <CompilerMessages>
        <MsgFileName Value=""/>
      </CompilerMessages>
      <CompilerPath Value="$(CompPath)"/>
    </Other>
  </CompilerOptions>
  <Debugging>
    <Exceptions Count="3">
      <Item1>
        <Name Value="EAbort"/>
      </Item1>
      <Item2>
        <Name Value="ECodetoolError"/>
      </Item2>
      <Item3>
        <Name Value="EFOpenError"/>
      </Item3>
    </Exceptions>
  </Debugging>
</CONFIG>
